
Microsoft Visual Studio Solution File, Format Version 12.00
# Visual Studio Version 17
VisualStudioVersion = 17.12.35527.113 d17.12
MinimumVisualStudioVersion = 10.0.40219.1
Project("{FAE04EC0-301F-11D3-BF4B-00C04F79EFBC}") = "CLASSES_OBJECTS_N_ENUM", "CLASSES_OBJECTS_N_ENUM\CLASSES_OBJECTS_N_ENUM.csproj", "{ED5F066C-7CAD-4EB0-B5E2-297D65404272}"
EndProject
Global
	GlobalSection(SolutionConfigurationPlatforms) = preSolution
		Debug|Any CPU = Debug|Any CPU
		Release|Any CPU = Release|Any CPU
	EndGlobalSection
	GlobalSection(ProjectConfigurationPlatforms) = postSolution
		{ED5F066C-7CAD-4EB0-B5E2-297D65404272}.Debug|Any CPU.ActiveCfg = Debug|Any CPU
		{ED5F066C-7CAD-4EB0-B5E2-297D65404272}.Debug|Any CPU.Build.0 = Debug|Any CPU
		{ED5F066C-7CAD-4EB0-B5E2-297D65404272}.Release|Any CPU.ActiveCfg = Release|Any CPU
		{ED5F066C-7CAD-4EB0-B5E2-297D65404272}.Release|Any CPU.Build.0 = Release|Any CPU
	EndGlobalSection
	GlobalSection(SolutionProperties) = preSolution
		HideSolutionNode = FALSE
	EndGlobalSection
EndGlobal
