
Microsoft Visual Studio Solution File, Format Version 12.00
# Visual Studio Version 17
VisualStudioVersion = 17.12.35527.113 d17.12
MinimumVisualStudioVersion = 10.0.40219.1
Project("{FAE04EC0-301F-11D3-BF4B-00C04F79EFBC}") = "CLASSES_N_OBJECTS", "CLASSES_N_OBJECTS.csproj", "{B97D9D79-FDA2-4F09-91A4-80A8882DD694}"
EndProject
Global
	GlobalSection(SolutionConfigurationPlatforms) = preSolution
		Debug|Any CPU = Debug|Any CPU
		Release|Any CPU = Release|Any CPU
	EndGlobalSection
	GlobalSection(ProjectConfigurationPlatforms) = postSolution
		{B97D9D79-FDA2-4F09-91A4-80A8882DD694}.Debug|Any CPU.ActiveCfg = Debug|Any CPU
		{B97D9D79-FDA2-4F09-91A4-80A8882DD694}.Debug|Any CPU.Build.0 = Debug|Any CPU
		{B97D9D79-FDA2-4F09-91A4-80A8882DD694}.Release|Any CPU.ActiveCfg = Release|Any CPU
		{B97D9D79-FDA2-4F09-91A4-80A8882DD694}.Release|Any CPU.Build.0 = Release|Any CPU
	EndGlobalSection
	GlobalSection(SolutionProperties) = preSolution
		HideSolutionNode = FALSE
	EndGlobalSection
EndGlobal
